{
  "ddrs_version": "0.1.0",
  "created_at": "2026-09-16T01:21:34Z",
  "sources": {
    "attributes": {
      "path": "examples/juniata/data/juniata_attributes.nc",
      "mtime": "2026-09-14T22:47:00Z",
      "size": 32863,
      "fp": "blake3:1c7a3b7768739dbed4c91af804166b311b1efe022538914b6cecb8fed9c4f5af"
    },
    "conus_adjacency": {
      "path": "examples/juniata/data/juniata_conus_adjacency.zarr",
      "mtime": "2026-09-14T22:47:00Z",
      "size": 102,
      "fp": "blake3:27691311575878625f462798bd920dde745fc59c9b9fe015f84893d7a7308bd3"
    },
    "gages": {
      "path": "examples/juniata/data/juniata_gage.csv",
      "mtime": "2026-09-14T22:47:00Z",
      "size": 260,
      "fp": "blake3:ff797e3758cbfb96e3616cca5e136c0f751815d94ba17e93ec9dca5336a7df08"
    },
    "gages_adjacency": {
      "path": "examples/juniata/data/juniata_gages_adjacency.zarr",
      "mtime": "2026-09-14T22:47:00Z",
      "size": 34,
      "fp": "blake3:a8ce9287d6052459e6182e23684c64db0ac68eb89d9faf2f97426fe7541c0a81"
    },
    "observations": {
      "path": "examples/juniata/data/juniata_obs.ic",
      "mtime": "2026-09-14T22:47:00Z",
      "size": 102,
      "fp": "blake3:b30974f8d1140506e419095f758f2e9ac0a22a6a4535e39d69d01eea6383c5b7"
    },
    "streamflow": {
      "path": "examples/juniata/data/juniata_qprime.ic",
      "mtime": "2026-09-14T22:47:00Z",
      "size": 102,
      "fp": "blake3:b30974f8d1140506e419095f758f2e9ac0a22a6a4535e39d69d01eea6383c5b7"
    }
  }
}