{
  "ddrs_version": "0.1.0",
  "created_at": "2026-09-17T13:21:49Z",
  "sources": {
    "attributes": {
      "path": "examples/juniata/data/juniata_attributes.nc",
      "mtime": "2026-09-14T22:47:00Z",
      "size": 32863,
      "fp": "blake3:1c7a3b7768739dbed4c91af804166b311b1efe022538914b6cecb8fed9c4f5af"
    },
    "conus_adjacency": {
      "path": "examples/juniata/data/juniata_conus_adjacency.zarr",
      "mtime": "2026-09-14T22:47:00Z",
      "size": 102,
      "fp": "blake3:0a1b1bc2a80423a6f2456407bf01a1599184a0228bbaa78ca4ffe09206e5d030"
    },
    "gages": {
      "path": "examples/juniata/data/juniata_gage.csv",
      "mtime": "2026-09-14T22:47:00Z",
      "size": 260,
      "fp": "blake3:ff797e3758cbfb96e3616cca5e136c0f751815d94ba17e93ec9dca5336a7df08"
    },
    "gages_adjacency": {
      "path": "examples/juniata/data/juniata_gages_adjacency.zarr",
      "mtime": "2026-09-14T22:47:00Z",
      "size": 34,
      "fp": "blake3:17041dbe8490f1311d024a1b53dd856956a40a0f1247353a77a6e15d7bc70caf"
    },
    "observations": {
      "path": "examples/juniata/data/juniata_obs.ic",
      "mtime": "2026-09-14T22:47:00Z",
      "size": 102,
      "fp": "icechunk:BPY4SW34FJGXWC3T806G",
      "snapshot": "BPY4SW34FJGXWC3T806G"
    },
    "streamflow": {
      "path": "examples/juniata/data/juniata_qprime.ic",
      "mtime": "2026-09-14T22:47:00Z",
      "size": 102,
      "fp": "icechunk:E0M3W6W1881H868V2KRG",
      "snapshot": "E0M3W6W1881H868V2KRG"
    }
  }
}